// !$*UTF8*$!
{
	archiveVersion = 1;
	classes = {
	};
	objectVersion = 54;
	objects = {

/* Begin PBXBuildFile section */
		5E10D0FB2A30C57D00AEC810 /* PlayerCardsView2.swift in Sources */ = {isa = PBXBuildFile; fileRef = 5E10D0FA2A30C57D00AEC810 /* PlayerCardsView2.swift */; };
		5E928E3E2A20873E009F375F /* Reg.swift in Sources */ = {isa = PBXBuildFile; fileRef = 5E928E3D2A20873E009F375F /* Reg.swift */; };
		5E928E402A20876A009F375F /* Log.swift in Sources */ = {isa = PBXBuildFile; fileRef = 5E928E3F2A20876A009F375F /* Log.swift */; };
		5E928E422A2087A3009F375F /* AddRoom.swift in Sources */ = {isa = PBXBuildFile; fileRef = 5E928E412A2087A3009F375F /* AddRoom.swift */; };
		5E928E4A2A2097FB009F375F /* RoomMem.swift in Sources */ = {isa = PBXBuildFile; fileRef = 5E928E492A2097FB009F375F /* RoomMem.swift */; };
		5E928E4C2A20D06B009F375F /* Player.swift in Sources */ = {isa = PBXBuildFile; fileRef = 5E928E4B2A20D06B009F375F /* Player.swift */; };
		5E928E502A210A48009F375F /* BuildRoom.swift in Sources */ = {isa = PBXBuildFile; fileRef = 5E928E4F2A210A48009F375F /* BuildRoom.swift */; };
		5E928E532A211620009F375F /* FirebaseAuth in Frameworks */ = {isa = PBXBuildFile; productRef = 5E928E522A211620009F375F /* FirebaseAuth */; };
		5E928E552A211620009F375F /* FirebaseFirestoreSwift in Frameworks */ = {isa = PBXBuildFile; productRef = 5E928E542A211620009F375F /* FirebaseFirestoreSwift */; };
		5E928E572A211620009F375F /* FirebaseStorage in Frameworks */ = {isa = PBXBuildFile; productRef = 5E928E562A211620009F375F /* FirebaseStorage */; };
		5E928E5D2A224E1E009F375F /* Hall.swift in Sources */ = {isa = PBXBuildFile; fileRef = 5E928E5C2A224E1E009F375F /* Hall.swift */; };
		5E928E612A22624E009F375F /* GameObject.swift in Sources */ = {isa = PBXBuildFile; fileRef = 5E928E602A22624E009F375F /* GameObject.swift */; };
		5EA274692A34BBF500FAF631 /* Rule.swift in Sources */ = {isa = PBXBuildFile; fileRef = 5EA274682A34BBF500FAF631 /* Rule.swift */; };
		5EC860F22A3301990011CDBB /* Set.swift in Sources */ = {isa = PBXBuildFile; fileRef = 5EC860F12A3301990011CDBB /* Set.swift */; };
		5EC860F42A33313D0011CDBB /* FullScreenView2.swift in Sources */ = {isa = PBXBuildFile; fileRef = 5EC860F32A33313D0011CDBB /* FullScreenView2.swift */; };
		5EC860F62A3363ED0011CDBB /* ResultRow2.swift in Sources */ = {isa = PBXBuildFile; fileRef = 5EC860F52A3363ED0011CDBB /* ResultRow2.swift */; };
		5ED5886F2A25DA8300A23A20 /* FullScreenView.swift in Sources */ = {isa = PBXBuildFile; fileRef = 5ED5886E2A25DA8300A23A20 /* FullScreenView.swift */; };
		5ED588712A25DA8800A23A20 /* DealAnimationView.swift in Sources */ = {isa = PBXBuildFile; fileRef = 5ED588702A25DA8800A23A20 /* DealAnimationView.swift */; };
		5EE2DACC2A265FAF00D41F97 /* Game2.swift in Sources */ = {isa = PBXBuildFile; fileRef = 5EE2DACB2A265FAF00D41F97 /* Game2.swift */; };
		5EE2DACE2A2669AB00D41F97 /* PlayerCardsView.swift in Sources */ = {isa = PBXBuildFile; fileRef = 5EE2DACD2A2669AB00D41F97 /* PlayerCardsView.swift */; };
		5EE2DAD02A2669B500D41F97 /* GameView.swift in Sources */ = {isa = PBXBuildFile; fileRef = 5EE2DACF2A2669B500D41F97 /* GameView.swift */; };
		5EE2DAD22A266EA300D41F97 /* ResultRow.swift in Sources */ = {isa = PBXBuildFile; fileRef = 5EE2DAD12A266EA300D41F97 /* ResultRow.swift */; };
		5EE2DAD62A267AD200D41F97 /* bgm.mp3 in Resources */ = {isa = PBXBuildFile; fileRef = 5EE2DAD52A267AD200D41F97 /* bgm.mp3 */; };
		5EE2DAD82A267FA200D41F97 /* bgm2.mp3 in Resources */ = {isa = PBXBuildFile; fileRef = 5EE2DAD72A267FA200D41F97 /* bgm2.mp3 */; };
		5EFC14A42A04ECB900B1E884 /* Final_projectApp.swift in Sources */ = {isa = PBXBuildFile; fileRef = 5EFC14A32A04ECB900B1E884 /* Final_projectApp.swift */; };
		5EFC14A62A04ECB900B1E884 /* ContentView.swift in Sources */ = {isa = PBXBuildFile; fileRef = 5EFC14A52A04ECB900B1E884 /* ContentView.swift */; };
		5EFC14A82A04ECBA00B1E884 /* Assets.xcassets in Resources */ = {isa = PBXBuildFile; fileRef = 5EFC14A72A04ECBA00B1E884 /* Assets.xcassets */; };
		5EFC14AB2A04ECBA00B1E884 /* Preview Assets.xcassets in Resources */ = {isa = PBXBuildFile; fileRef = 5EFC14AA2A04ECBA00B1E884 /* Preview Assets.xcassets */; };
		5EFC14B52A04ECBA00B1E884 /* Final_projectTests.swift in Sources */ = {isa = PBXBuildFile; fileRef = 5EFC14B42A04ECBA00B1E884 /* Final_projectTests.swift */; };
		5EFC14BF2A04ECBA00B1E884 /* Final_projectUITests.swift in Sources */ = {isa = PBXBuildFile; fileRef = 5EFC14BE2A04ECBA00B1E884 /* Final_projectUITests.swift */; };
		5EFC14C12A04ECBA00B1E884 /* Final_projectUITestsLaunchTests.swift in Sources */ = {isa = PBXBuildFile; fileRef = 5EFC14C02A04ECBA00B1E884 /* Final_projectUITestsLaunchTests.swift */; };
		5EFC14D72A04FF5000B1E884 /* user.swift in Sources */ = {isa = PBXBuildFile; fileRef = 5EFC14D62A04FF5000B1E884 /* user.swift */; };
		5EFC14D92A05075700B1E884 /* GoogleService-Info.plist in Resources */ = {isa = PBXBuildFile; fileRef = 5EFC14D82A05075700B1E884 /* GoogleService-Info.plist */; };
		5EFC504B2A08074200BC2859 /* RoomFunction.swift in Sources */ = {isa = PBXBuildFile; fileRef = 5EFC504A2A08074200BC2859 /* RoomFunction.swift */; };
/* End PBXBuildFile section */

/* Begin PBXContainerItemProxy section */
		5EFC14B12A04ECBA00B1E884 /* PBXContainerItemProxy */ = {
			isa = PBXContainerItemProxy;
			containerPortal = 5EFC14982A04ECB900B1E884 /* Project object */;
			proxyType = 1;
			remoteGlobalIDString = 5EFC149F2A04ECB900B1E884;
			remoteInfo = Final_project;
		};
		5EFC14BB2A04ECBA00B1E884 /* PBXContainerItemProxy */ = {
			isa = PBXContainerItemProxy;
			containerPortal = 5EFC14982A04ECB900B1E884 /* Project object */;
			proxyType = 1;
			remoteGlobalIDString = 5EFC149F2A04ECB900B1E884;
			remoteInfo = Final_project;
		};
/* End PBXContainerItemProxy section */

/* Begin PBXFileReference section */
		5E10D0FA2A30C57D00AEC810 /* PlayerCardsView2.swift */ = {isa = PBXFileReference; lastKnownFileType = sourcecode.swift; path = PlayerCardsView2.swift; sourceTree = "<group>"; };
		5E928E3D2A20873E009F375F /* Reg.swift */ = {isa = PBXFileReference; lastKnownFileType = sourcecode.swift; path = Reg.swift; sourceTree = "<group>"; };
		5E928E3F2A20876A009F375F /* Log.swift */ = {isa = PBXFileReference; lastKnownFileType = sourcecode.swift; path = Log.swift; sourceTree = "<group>"; };
		5E928E412A2087A3009F375F /* AddRoom.swift */ = {isa = PBXFileReference; lastKnownFileType = sourcecode.swift; path = AddRoom.swift; sourceTree = "<group>"; };
		5E928E492A2097FB009F375F /* RoomMem.swift */ = {isa = PBXFileReference; lastKnownFileType = sourcecode.swift; path = RoomMem.swift; sourceTree = "<group>"; };
		5E928E4B2A20D06B009F375F /* Player.swift */ = {isa = PBXFileReference; lastKnownFileType = sourcecode.swift; path = Player.swift; sourceTree = "<group>"; };
		5E928E4F2A210A48009F375F /* BuildRoom.swift */ = {isa = PBXFileReference; lastKnownFileType = sourcecode.swift; path = BuildRoom.swift; sourceTree = "<group>"; };
		5E928E5C2A224E1E009F375F /* Hall.swift */ = {isa = PBXFileReference; lastKnownFileType = sourcecode.swift; path = Hall.swift; sourceTree = "<group>"; };
		5E928E602A22624E009F375F /* GameObject.swift */ = {isa = PBXFileReference; lastKnownFileType = sourcecode.swift; path = GameObject.swift; sourceTree = "<group>"; };
		5EA274682A34BBF500FAF631 /* Rule.swift */ = {isa = PBXFileReference; lastKnownFileType = sourcecode.swift; path = Rule.swift; sourceTree = "<group>"; };
		5EC860F12A3301990011CDBB /* Set.swift */ = {isa = PBXFileReference; lastKnownFileType = sourcecode.swift; path = Set.swift; sourceTree = "<group>"; };
		5EC860F32A33313D0011CDBB /* FullScreenView2.swift */ = {isa = PBXFileReference; lastKnownFileType = sourcecode.swift; path = FullScreenView2.swift; sourceTree = "<group>"; };
		5EC860F52A3363ED0011CDBB /* ResultRow2.swift */ = {isa = PBXFileReference; lastKnownFileType = sourcecode.swift; path = ResultRow2.swift; sourceTree = "<group>"; };
		5ED5886E2A25DA8300A23A20 /* FullScreenView.swift */ = {isa = PBXFileReference; fileEncoding = 4; lastKnownFileType = sourcecode.swift; path = FullScreenView.swift; sourceTree = "<group>"; };
		5ED588702A25DA8800A23A20 /* DealAnimationView.swift */ = {isa = PBXFileReference; fileEncoding = 4; lastKnownFileType = sourcecode.swift; path = DealAnimationView.swift; sourceTree = "<group>"; };
		5EE2DACB2A265FAF00D41F97 /* Game2.swift */ = {isa = PBXFileReference; lastKnownFileType = sourcecode.swift; path = Game2.swift; sourceTree = "<group>"; };
		5EE2DACD2A2669AB00D41F97 /* PlayerCardsView.swift */ = {isa = PBXFileReference; fileEncoding = 4; lastKnownFileType = sourcecode.swift; path = PlayerCardsView.swift; sourceTree = "<group>"; };
		5EE2DACF2A2669B500D41F97 /* GameView.swift */ = {isa = PBXFileReference; fileEncoding = 4; lastKnownFileType = sourcecode.swift; path = GameView.swift; sourceTree = "<group>"; };
		5EE2DAD12A266EA300D41F97 /* ResultRow.swift */ = {isa = PBXFileReference; fileEncoding = 4; lastKnownFileType = sourcecode.swift; path = ResultRow.swift; sourceTree = "<group>"; };
		5EE2DAD52A267AD200D41F97 /* bgm.mp3 */ = {isa = PBXFileReference; lastKnownFileType = audio.mp3; path = bgm.mp3; sourceTree = "<group>"; };
		5EE2DAD72A267FA200D41F97 /* bgm2.mp3 */ = {isa = PBXFileReference; lastKnownFileType = audio.mp3; path = bgm2.mp3; sourceTree = "<group>"; };
		5EFC14A02A04ECB900B1E884 /* Final_project.app */ = {isa = PBXFileReference; explicitFileType = wrapper.application; includeInIndex = 0; path = Final_project.app; sourceTree = BUILT_PRODUCTS_DIR; };
		5EFC14A32A04ECB900B1E884 /* Final_projectApp.swift */ = {isa = PBXFileReference; lastKnownFileType = sourcecode.swift; path = Final_projectApp.swift; sourceTree = "<group>"; };
		5EFC14A52A04ECB900B1E884 /* ContentView.swift */ = {isa = PBXFileReference; lastKnownFileType = sourcecode.swift; path = ContentView.swift; sourceTree = "<group>"; };
		5EFC14A72A04ECBA00B1E884 /* Assets.xcassets */ = {isa = PBXFileReference; lastKnownFileType = folder.assetcatalog; path = Assets.xcassets; sourceTree = "<group>"; };
		5EFC14AA2A04ECBA00B1E884 /* Preview Assets.xcassets */ = {isa = PBXFileReference; lastKnownFileType = folder.assetcatalog; path = "Preview Assets.xcassets"; sourceTree = "<group>"; };
		5EFC14B02A04ECBA00B1E884 /* Final_projectTests.xctest */ = {isa = PBXFileReference; explicitFileType = wrapper.cfbundle; includeInIndex = 0; path = Final_projectTests.xctest; sourceTree = BUILT_PRODUCTS_DIR; };
		5EFC14B42A04ECBA00B1E884 /* Final_projectTests.swift */ = {isa = PBXFileReference; lastKnownFileType = sourcecode.swift; path = Final_projectTests.swift; sourceTree = "<group>"; };
		5EFC14BA2A04ECBA00B1E884 /* Final_projectUITests.xctest */ = {isa = PBXFileReference; explicitFileType = wrapper.cfbundle; includeInIndex = 0; path = Final_projectUITests.xctest; sourceTree = BUILT_PRODUCTS_DIR; };
		5EFC14BE2A04ECBA00B1E884 /* Final_projectUITests.swift */ = {isa = PBXFileReference; lastKnownFileType = sourcecode.swift; path = Final_projectUITests.swift; sourceTree = "<group>"; };
		5EFC14C02A04ECBA00B1E884 /* Final_projectUITestsLaunchTests.swift */ = {isa = PBXFileReference; lastKnownFileType = sourcecode.swift; path = Final_projectUITestsLaunchTests.swift; sourceTree = "<group>"; };
		5EFC14D62A04FF5000B1E884 /* user.swift */ = {isa = PBXFileReference; lastKnownFileType = sourcecode.swift; path = user.swift; sourceTree = "<group>"; };
		5EFC14D82A05075700B1E884 /* GoogleService-Info.plist */ = {isa = PBXFileReference; fileEncoding = 4; lastKnownFileType = text.plist.xml; path = "GoogleService-Info.plist"; sourceTree = "<group>"; };
		5EFC504A2A08074200BC2859 /* RoomFunction.swift */ = {isa = PBXFileReference; lastKnownFileType = sourcecode.swift; path = RoomFunction.swift; sourceTree = "<group>"; };
/* End PBXFileReference section */

/* Begin PBXFrameworksBuildPhase section */
		5EFC149D2A04ECB900B1E884 /* Frameworks */ = {
			isa = PBXFrameworksBuildPhase;
			buildActionMask = 2147483647;
			files = (
				5E928E532A211620009F375F /* FirebaseAuth in Frameworks */,
				5E928E552A211620009F375F /* FirebaseFirestoreSwift in Frameworks */,
				5E928E572A211620009F375F /* FirebaseStorage in Frameworks */,
			);
			runOnlyForDeploymentPostprocessing = 0;
		};
		5EFC14AD2A04ECBA00B1E884 /* Frameworks */ = {
			isa = PBXFrameworksBuildPhase;
			buildActionMask = 2147483647;
			files = (
			);
			runOnlyForDeploymentPostprocessing = 0;
		};
		5EFC14B72A04ECBA00B1E884 /* Frameworks */ = {
			isa = PBXFrameworksBuildPhase;
			buildActionMask = 2147483647;
			files = (
			);
			runOnlyForDeploymentPostprocessing = 0;
		};
/* End PBXFrameworksBuildPhase section */

/* Begin PBXGroup section */
		5E928E582A2235DD009F375F /* model */ = {
			isa = PBXGroup;
			children = (
				5EFC14D62A04FF5000B1E884 /* user.swift */,
				5E928E4B2A20D06B009F375F /* Player.swift */,
				5E928E602A22624E009F375F /* GameObject.swift */,
			);
			path = model;
			sourceTree = "<group>";
		};
		5E928E592A2235FA009F375F /* view-model */ = {
			isa = PBXGroup;
			children = (
				5EFC504A2A08074200BC2859 /* RoomFunction.swift */,
			);
			path = "view-model";
			sourceTree = "<group>";
		};
		5E928E5B2A223633009F375F /* view */ = {
			isa = PBXGroup;
			children = (
				5EFC14A52A04ECB900B1E884 /* ContentView.swift */,
				5E928E412A2087A3009F375F /* AddRoom.swift */,
				5E928E4F2A210A48009F375F /* BuildRoom.swift */,
				5E928E3D2A20873E009F375F /* Reg.swift */,
				5E928E3F2A20876A009F375F /* Log.swift */,
				5E928E492A2097FB009F375F /* RoomMem.swift */,
				5EE2DACF2A2669B500D41F97 /* GameView.swift */,
				5EE2DACB2A265FAF00D41F97 /* Game2.swift */,
				5EA274682A34BBF500FAF631 /* Rule.swift */,
				5EE2DACD2A2669AB00D41F97 /* PlayerCardsView.swift */,
				5E10D0FA2A30C57D00AEC810 /* PlayerCardsView2.swift */,
				5ED5886E2A25DA8300A23A20 /* FullScreenView.swift */,
				5EC860F32A33313D0011CDBB /* FullScreenView2.swift */,
				5EE2DAD12A266EA300D41F97 /* ResultRow.swift */,
				5EC860F52A3363ED0011CDBB /* ResultRow2.swift */,
				5ED588702A25DA8800A23A20 /* DealAnimationView.swift */,
				5E928E5C2A224E1E009F375F /* Hall.swift */,
				5EC860F12A3301990011CDBB /* Set.swift */,
			);
			path = view;
			sourceTree = "<group>";
		};
		5EE2DAD42A267AAD00D41F97 /* Resources */ = {
			isa = PBXGroup;
			children = (
				5EE2DAD52A267AD200D41F97 /* bgm.mp3 */,
				5EE2DAD72A267FA200D41F97 /* bgm2.mp3 */,
			);
			path = Resources;
			sourceTree = "<group>";
		};
		5EFC14972A04ECB900B1E884 = {
			isa = PBXGroup;
			children = (
				5EFC14A22A04ECB900B1E884 /* Final_project */,
				5EFC14B32A04ECBA00B1E884 /* Final_projectTests */,
				5EFC14BD2A04ECBA00B1E884 /* Final_projectUITests */,
				5EFC14A12A04ECB900B1E884 /* Products */,
			);
			sourceTree = "<group>";
		};
		5EFC14A12A04ECB900B1E884 /* Products */ = {
			isa = PBXGroup;
			children = (
				5EFC14A02A04ECB900B1E884 /* Final_project.app */,
				5EFC14B02A04ECBA00B1E884 /* Final_projectTests.xctest */,
				5EFC14BA2A04ECBA00B1E884 /* Final_projectUITests.xctest */,
			);
			name = Products;
			sourceTree = "<group>";
		};
		5EFC14A22A04ECB900B1E884 /* Final_project */ = {
			isa = PBXGroup;
			children = (
				5EE2DAD42A267AAD00D41F97 /* Resources */,
				5EFC14D82A05075700B1E884 /* GoogleService-Info.plist */,
				5EFC14A32A04ECB900B1E884 /* Final_projectApp.swift */,
				5E928E5B2A223633009F375F /* view */,
				5E928E592A2235FA009F375F /* view-model */,
				5E928E582A2235DD009F375F /* model */,
				5EFC14A72A04ECBA00B1E884 /* Assets.xcassets */,
				5EFC14A92A04ECBA00B1E884 /* Preview Content */,
			);
			path = Final_project;
			sourceTree = "<group>";
		};
		5EFC14A92A04ECBA00B1E884 /* Preview Content */ = {
			isa = PBXGroup;
			children = (
				5EFC14AA2A04ECBA00B1E884 /* Preview Assets.xcassets */,
			);
			path = "Preview Content";
			sourceTree = "<group>";
		};
		5EFC14B32A04ECBA00B1E884 /* Final_projectTests */ = {
			isa = PBXGroup;
			children = (
				5EFC14B42A04ECBA00B1E884 /* Final_projectTests.swift */,
			);
			path = Final_projectTests;
			sourceTree = "<group>";
		};
		5EFC14BD2A04ECBA00B1E884 /* Final_projectUITests */ = {
			isa = PBXGroup;
			children = (
				5EFC14BE2A04ECBA00B1E884 /* Final_projectUITests.swift */,
				5EFC14C02A04ECBA00B1E884 /* Final_projectUITestsLaunchTests.swift */,
			);
			path = Final_projectUITests;
			sourceTree = "<group>";
		};
/* End PBXGroup section */

/* Begin PBXNativeTarget section */
		5EFC149F2A04ECB900B1E884 /* Final_project */ = {
			isa = PBXNativeTarget;
			buildConfigurationList = 5EFC14C42A04ECBA00B1E884 /* Build configuration list for PBXNativeTarget "Final_project" */;
			buildPhases = (
				5EFC149C2A04ECB900B1E884 /* Sources */,
				5EFC149D2A04ECB900B1E884 /* Frameworks */,
				5EFC149E2A04ECB900B1E884 /* Resources */,
			);
			buildRules = (
			);
			dependencies = (
			);
			name = Final_project;
			packageProductDependencies = (
				5E928E522A211620009F375F /* FirebaseAuth */,
				5E928E542A211620009F375F /* FirebaseFirestoreSwift */,
				5E928E562A211620009F375F /* FirebaseStorage */,
			);
			productName = Final_project;
			productReference = 5EFC14A02A04ECB900B1E884 /* Final_project.app */;
			productType = "com.apple.product-type.application";
		};
		5EFC14AF2A04ECBA00B1E884 /* Final_projectTests */ = {
			isa = PBXNativeTarget;
			buildConfigurationList = 5EFC14C72A04ECBA00B1E884 /* Build configuration list for PBXNativeTarget "Final_projectTests" */;
			buildPhases = (
				5EFC14AC2A04ECBA00B1E884 /* Sources */,
				5EFC14AD2A04ECBA00B1E884 /* Frameworks */,
				5EFC14AE2A04ECBA00B1E884 /* Resources */,
			);
			buildRules = (
			);
			dependencies = (
				5EFC14B22A04ECBA00B1E884 /* PBXTargetDependency */,
			);
			name = Final_projectTests;
			productName = Final_projectTests;
			productReference = 5EFC14B02A04ECBA00B1E884 /* Final_projectTests.xctest */;
			productType = "com.apple.product-type.bundle.unit-test";
		};
		5EFC14B92A04ECBA00B1E884 /* Final_projectUITests */ = {
			isa = PBXNativeTarget;
			buildConfigurationList = 5EFC14CA2A04ECBA00B1E884 /* Build configuration list for PBXNativeTarget "Final_projectUITests" */;
			buildPhases = (
				5EFC14B62A04ECBA00B1E884 /* Sources */,
				5EFC14B72A04ECBA00B1E884 /* Frameworks */,
				5EFC14B82A04ECBA00B1E884 /* Resources */,
			);
			buildRules = (
			);
			dependencies = (
				5EFC14BC2A04ECBA00B1E884 /* PBXTargetDependency */,
			);
			name = Final_projectUITests;
			productName = Final_projectUITests;
			productReference = 5EFC14BA2A04ECBA00B1E884 /* Final_projectUITests.xctest */;
			productType = "com.apple.product-type.bundle.ui-testing";
		};
/* End PBXNativeTarget section */

/* Begin PBXProject section */
		5EFC14982A04ECB900B1E884 /* Project object */ = {
			isa = PBXProject;
			attributes = {
				BuildIndependentTargetsInParallel = 1;
				LastSwiftUpdateCheck = 1430;
				LastUpgradeCheck = 1430;
				TargetAttributes = {
					5EFC149F2A04ECB900B1E884 = {
						CreatedOnToolsVersion = 14.3;
					};
					5EFC14AF2A04ECBA00B1E884 = {
						CreatedOnToolsVersion = 14.3;
						TestTargetID = 5EFC149F2A04ECB900B1E884;
					};
					5EFC14B92A04ECBA00B1E884 = {
						CreatedOnToolsVersion = 14.3;
						TestTargetID = 5EFC149F2A04ECB900B1E884;
					};
				};
			};
			buildConfigurationList = 5EFC149B2A04ECB900B1E884 /* Build configuration list for PBXProject "Final_project" */;
			compatibilityVersion = "Xcode 12.0";
			developmentRegion = en;
			hasScannedForEncodings = 0;
			knownRegions = (
				en,
				Base,
			);
			mainGroup = 5EFC14972A04ECB900B1E884;
			packageReferences = (
				5E928E512A211620009F375F /* XCRemoteSwiftPackageReference "firebase-ios-sdk" */,
			);
			productRefGroup = 5EFC14A12A04ECB900B1E884 /* Products */;
			projectDirPath = "";
			projectRoot = "";
			targets = (
				5EFC149F2A04ECB900B1E884 /* Final_project */,
				5EFC14AF2A04ECBA00B1E884 /* Final_projectTests */,
				5EFC14B92A04ECBA00B1E884 /* Final_projectUITests */,
			);
		};
/* End PBXProject section */

/* Begin PBXResourcesBuildPhase section */
		5EFC149E2A04ECB900B1E884 /* Resources */ = {
			isa = PBXResourcesBuildPhase;
			buildActionMask = 2147483647;
			files = (
				5EFC14AB2A04ECBA00B1E884 /* Preview Assets.xcassets in Resources */,
				5EE2DAD82A267FA200D41F97 /* bgm2.mp3 in Resources */,
				5EFC14A82A04ECBA00B1E884 /* Assets.xcassets in Resources */,
				5EFC14D92A05075700B1E884 /* GoogleService-Info.plist in Resources */,
				5EE2DAD62A267AD200D41F97 /* bgm.mp3 in Resources */,
			);
			runOnlyForDeploymentPostprocessing = 0;
		};
		5EFC14AE2A04ECBA00B1E884 /* Resources */ = {
			isa = PBXResourcesBuildPhase;
			buildActionMask = 2147483647;
			files = (
			);
			runOnlyForDeploymentPostprocessing = 0;
		};
		5EFC14B82A04ECBA00B1E884 /* Resources */ = {
			isa = PBXResourcesBuildPhase;
			buildActionMask = 2147483647;
			files = (
			);
			runOnlyForDeploymentPostprocessing = 0;
		};
/* End PBXResourcesBuildPhase section */

/* Begin PBXSourcesBuildPhase section */
		5EFC149C2A04ECB900B1E884 /* Sources */ = {
			isa = PBXSourcesBuildPhase;
			buildActionMask = 2147483647;
			files = (
				5EFC504B2A08074200BC2859 /* RoomFunction.swift in Sources */,
				5EFC14A62A04ECB900B1E884 /* ContentView.swift in Sources */,
				5EC860F62A3363ED0011CDBB /* ResultRow2.swift in Sources */,
				5E928E5D2A224E1E009F375F /* Hall.swift in Sources */,
				5ED588712A25DA8800A23A20 /* DealAnimationView.swift in Sources */,
				5EA274692A34BBF500FAF631 /* Rule.swift in Sources */,
				5EE2DAD02A2669B500D41F97 /* GameView.swift in Sources */,
				5E928E402A20876A009F375F /* Log.swift in Sources */,
				5EE2DACC2A265FAF00D41F97 /* Game2.swift in Sources */,
				5EE2DACE2A2669AB00D41F97 /* PlayerCardsView.swift in Sources */,
				5EC860F22A3301990011CDBB /* Set.swift in Sources */,
				5E928E612A22624E009F375F /* GameObject.swift in Sources */,
				5EFC14A42A04ECB900B1E884 /* Final_projectApp.swift in Sources */,
				5E928E502A210A48009F375F /* BuildRoom.swift in Sources */,
				5EFC14D72A04FF5000B1E884 /* user.swift in Sources */,
				5ED5886F2A25DA8300A23A20 /* FullScreenView.swift in Sources */,
				5E928E3E2A20873E009F375F /* Reg.swift in Sources */,
				5E928E422A2087A3009F375F /* AddRoom.swift in Sources */,
				5E928E4A2A2097FB009F375F /* RoomMem.swift in Sources */,
				5E10D0FB2A30C57D00AEC810 /* PlayerCardsView2.swift in Sources */,
				5EC860F42A33313D0011CDBB /* FullScreenView2.swift in Sources */,
				5E928E4C2A20D06B009F375F /* Player.swift in Sources */,
				5EE2DAD22A266EA300D41F97 /* ResultRow.swift in Sources */,
			);
			runOnlyForDeploymentPostprocessing = 0;
		};
		5EFC14AC2A04ECBA00B1E884 /* Sources */ = {
			isa = PBXSourcesBuildPhase;
			buildActionMask = 2147483647;
			files = (
				5EFC14B52A04ECBA00B1E884 /* Final_projectTests.swift in Sources */,
			);
			runOnlyForDeploymentPostprocessing = 0;
		};
		5EFC14B62A04ECBA00B1E884 /* Sources */ = {
			isa = PBXSourcesBuildPhase;
			buildActionMask = 2147483647;
			files = (
				5EFC14BF2A04ECBA00B1E884 /* Final_projectUITests.swift in Sources */,
				5EFC14C12A04ECBA00B1E884 /* Final_projectUITestsLaunchTests.swift in Sources */,
			);
			runOnlyForDeploymentPostprocessing = 0;
		};
/* End PBXSourcesBuildPhase section */

/* Begin PBXTargetDependency section */
		5EFC14B22A04ECBA00B1E884 /* PBXTargetDependency */ = {
			isa = PBXTargetDependency;
			target = 5EFC149F2A04ECB900B1E884 /* Final_project */;
			targetProxy = 5EFC14B12A04ECBA00B1E884 /* PBXContainerItemProxy */;
		};
		5EFC14BC2A04ECBA00B1E884 /* PBXTargetDependency */ = {
			isa = PBXTargetDependency;
			target = 5EFC149F2A04ECB900B1E884 /* Final_project */;
			targetProxy = 5EFC14BB2A04ECBA00B1E884 /* PBXContainerItemProxy */;
		};
/* End PBXTargetDependency section */

/* Begin XCBuildConfiguration section */
		5EFC14C22A04ECBA00B1E884 /* Debug */ = {
			isa = XCBuildConfiguration;
			buildSettings = {
				ALWAYS_SEARCH_USER_PATHS = NO;
				CLANG_ANALYZER_NONNULL = YES;
				CLANG_ANALYZER_NUMBER_OBJECT_CONVERSION = YES_AGGRESSIVE;
				CLANG_CXX_LANGUAGE_STANDARD = "gnu++20";
				CLANG_ENABLE_MODULES = YES;
				CLANG_ENABLE_OBJC_ARC = YES;
				CLANG_ENABLE_OBJC_WEAK = YES;
				CLANG_WARN_BLOCK_CAPTURE_AUTORELEASING = YES;
				CLANG_WARN_BOOL_CONVERSION = YES;
				CLANG_WARN_COMMA = YES;
				CLANG_WARN_CONSTANT_CONVERSION = YES;
				CLANG_WARN_DEPRECATED_OBJC_IMPLEMENTATIONS = YES;
				CLANG_WARN_DIRECT_OBJC_ISA_USAGE = YES_ERROR;
				CLANG_WARN_DOCUMENTATION_COMMENTS = YES;
				CLANG_WARN_EMPTY_BODY = YES;
				CLANG_WARN_ENUM_CONVERSION = YES;
				CLANG_WARN_INFINITE_RECURSION = YES;
				CLANG_WARN_INT_CONVERSION = YES;
				CLANG_WARN_NON_LITERAL_NULL_CONVERSION = YES;
				CLANG_WARN_OBJC_IMPLICIT_RETAIN_SELF = YES;
				CLANG_WARN_OBJC_LITERAL_CONVERSION = YES;
				CLANG_WARN_OBJC_ROOT_CLASS = YES_ERROR;
				CLANG_WARN_QUOTED_INCLUDE_IN_FRAMEWORK_HEADER = YES;
				CLANG_WARN_RANGE_LOOP_ANALYSIS = YES;
				CLANG_WARN_STRICT_PROTOTYPES = YES;
				CLANG_WARN_SUSPICIOUS_MOVE = YES;
				CLANG_WARN_UNGUARDED_AVAILABILITY = YES_AGGRESSIVE;
				CLANG_WARN_UNREACHABLE_CODE = YES;
				CLANG_WARN__DUPLICATE_METHOD_MATCH = YES;
				COPY_PHASE_STRIP = NO;
				DEBUG_INFORMATION_FORMAT = dwarf;
				ENABLE_STRICT_OBJC_MSGSEND = YES;
				ENABLE_TESTABILITY = YES;
				GCC_C_LANGUAGE_STANDARD = gnu11;
				GCC_DYNAMIC_NO_PIC = NO;
				GCC_NO_COMMON_BLOCKS = YES;
				GCC_OPTIMIZATION_LEVEL = 0;
				GCC_PREPROCESSOR_DEFINITIONS = (
					"DEBUG=1",
					"$(inherited)",
				);
				GCC_WARN_64_TO_32_BIT_CONVERSION = YES;
				GCC_WARN_ABOUT_RETURN_TYPE = YES_ERROR;
				GCC_WARN_UNDECLARED_SELECTOR = YES;
				GCC_WARN_UNINITIALIZED_AUTOS = YES_AGGRESSIVE;
				GCC_WARN_UNUSED_FUNCTION = YES;
				GCC_WARN_UNUSED_VARIABLE = YES;
				IPHONEOS_DEPLOYMENT_TARGET = 16.4;
				MTL_ENABLE_DEBUG_INFO = INCLUDE_SOURCE;
				MTL_FAST_MATH = YES;
				ONLY_ACTIVE_ARCH = YES;
				SDKROOT = iphoneos;
				SWIFT_ACTIVE_COMPILATION_CONDITIONS = DEBUG;
				SWIFT_OPTIMIZATION_LEVEL = "-Onone";
			};
			name = Debug;
		};
		5EFC14C32A04ECBA00B1E884 /* Release */ = {
			isa = XCBuildConfiguration;
			buildSettings = {
				ALWAYS_SEARCH_USER_PATHS = NO;
				CLANG_ANALYZER_NONNULL = YES;
				CLANG_ANALYZER_NUMBER_OBJECT_CONVERSION = YES_AGGRESSIVE;
				CLANG_CXX_LANGUAGE_STANDARD = "gnu++20";
				CLANG_ENABLE_MODULES = YES;
				CLANG_ENABLE_OBJC_ARC = YES;
				CLANG_ENABLE_OBJC_WEAK = YES;
				CLANG_WARN_BLOCK_CAPTURE_AUTORELEASING = YES;
				CLANG_WARN_BOOL_CONVERSION = YES;
				CLANG_WARN_COMMA = YES;
				CLANG_WARN_CONSTANT_CONVERSION = YES;
				CLANG_WARN_DEPRECATED_OBJC_IMPLEMENTATIONS = YES;
				CLANG_WARN_DIRECT_OBJC_ISA_USAGE = YES_ERROR;
				CLANG_WARN_DOCUMENTATION_COMMENTS = YES;
				CLANG_WARN_EMPTY_BODY = YES;
				CLANG_WARN_ENUM_CONVERSION = YES;
				CLANG_WARN_INFINITE_RECURSION = YES;
				CLANG_WARN_INT_CONVERSION = YES;
				CLANG_WARN_NON_LITERAL_NULL_CONVERSION = YES;
				CLANG_WARN_OBJC_IMPLICIT_RETAIN_SELF = YES;
				CLANG_WARN_OBJC_LITERAL_CONVERSION = YES;
				CLANG_WARN_OBJC_ROOT_CLASS = YES_ERROR;
				CLANG_WARN_QUOTED_INCLUDE_IN_FRAMEWORK_HEADER = YES;
				CLANG_WARN_RANGE_LOOP_ANALYSIS = YES;
				CLANG_WARN_STRICT_PROTOTYPES = YES;
				CLANG_WARN_SUSPICIOUS_MOVE = YES;
				CLANG_WARN_UNGUARDED_AVAILABILITY = YES_AGGRESSIVE;
				CLANG_WARN_UNREACHABLE_CODE = YES;
				CLANG_WARN__DUPLICATE_METHOD_MATCH = YES;
				COPY_PHASE_STRIP = NO;
				DEBUG_INFORMATION_FORMAT = "dwarf-with-dsym";
				ENABLE_NS_ASSERTIONS = NO;
				ENABLE_STRICT_OBJC_MSGSEND = YES;
				GCC_C_LANGUAGE_STANDARD = gnu11;
				GCC_NO_COMMON_BLOCKS = YES;
				GCC_WARN_64_TO_32_BIT_CONVERSION = YES;
				GCC_WARN_ABOUT_RETURN_TYPE = YES_ERROR;
				GCC_WARN_UNDECLARED_SELECTOR = YES;
				GCC_WARN_UNINITIALIZED_AUTOS = YES_AGGRESSIVE;
				GCC_WARN_UNUSED_FUNCTION = YES;
				GCC_WARN_UNUSED_VARIABLE = YES;
				IPHONEOS_DEPLOYMENT_TARGET = 16.4;
				MTL_ENABLE_DEBUG_INFO = NO;
				MTL_FAST_MATH = YES;
				SDKROOT = iphoneos;
				SWIFT_COMPILATION_MODE = wholemodule;
				SWIFT_OPTIMIZATION_LEVEL = "-O";
				VALIDATE_PRODUCT = YES;
			};
			name = Release;
		};
		5EFC14C52A04ECBA00B1E884 /* Debug */ = {
			isa = XCBuildConfiguration;
			buildSettings = {
				ASSETCATALOG_COMPILER_APPICON_NAME = AppIcon;
				ASSETCATALOG_COMPILER_GLOBAL_ACCENT_COLOR_NAME = AccentColor;
				CODE_SIGN_STYLE = Automatic;
				CURRENT_PROJECT_VERSION = 1;
				DEVELOPMENT_ASSET_PATHS = "\"Final_project/Preview Content\"";
				ENABLE_PREVIEWS = YES;
				GENERATE_INFOPLIST_FILE = YES;
				INFOPLIST_KEY_UIApplicationSceneManifest_Generation = YES;
				INFOPLIST_KEY_UIApplicationSupportsIndirectInputEvents = YES;
				INFOPLIST_KEY_UILaunchScreen_Generation = YES;
				INFOPLIST_KEY_UISupportedInterfaceOrientations_iPad = "UIInterfaceOrientationPortrait UIInterfaceOrientationPortraitUpsideDown UIInterfaceOrientationLandscapeLeft UIInterfaceOrientationLandscapeRight";
				INFOPLIST_KEY_UISupportedInterfaceOrientations_iPhone = "UIInterfaceOrientationPortrait UIInterfaceOrientationLandscapeLeft UIInterfaceOrientationLandscapeRight";
				LD_RUNPATH_SEARCH_PATHS = (
					"$(inherited)",
					"@executable_path/Frameworks",
				);
				MARKETING_VERSION = 1.0;
				PRODUCT_BUNDLE_IDENTIFIER = "com.vivian.Final-project";
				PRODUCT_NAME = "$(TARGET_NAME)";
				SWIFT_EMIT_LOC_STRINGS = YES;
				SWIFT_VERSION = 5.0;
				TARGETED_DEVICE_FAMILY = "1,2";
			};
			name = Debug;
		};
		5EFC14C62A04ECBA00B1E884 /* Release */ = {
			isa = XCBuildConfiguration;
			buildSettings = {
				ASSETCATALOG_COMPILER_APPICON_NAME = AppIcon;
				ASSETCATALOG_COMPILER_GLOBAL_ACCENT_COLOR_NAME = AccentColor;
				CODE_SIGN_STYLE = Automatic;
				CURRENT_PROJECT_VERSION = 1;
				DEVELOPMENT_ASSET_PATHS = "\"Final_project/Preview Content\"";
				ENABLE_PREVIEWS = YES;
				GENERATE_INFOPLIST_FILE = YES;
				INFOPLIST_KEY_UIApplicationSceneManifest_Generation = YES;
				INFOPLIST_KEY_UIApplicationSupportsIndirectInputEvents = YES;
				INFOPLIST_KEY_UILaunchScreen_Generation = YES;
				INFOPLIST_KEY_UISupportedInterfaceOrientations_iPad = "UIInterfaceOrientationPortrait UIInterfaceOrientationPortraitUpsideDown UIInterfaceOrientationLandscapeLeft UIInterfaceOrientationLandscapeRight";
				INFOPLIST_KEY_UISupportedInterfaceOrientations_iPhone = "UIInterfaceOrientationPortrait UIInterfaceOrientationLandscapeLeft UIInterfaceOrientationLandscapeRight";
				LD_RUNPATH_SEARCH_PATHS = (
					"$(inherited)",
					"@executable_path/Frameworks",
				);
				MARKETING_VERSION = 1.0;
				PRODUCT_BUNDLE_IDENTIFIER = "com.vivian.Final-project";
				PRODUCT_NAME = "$(TARGET_NAME)";
				SWIFT_EMIT_LOC_STRINGS = YES;
				SWIFT_VERSION = 5.0;
				TARGETED_DEVICE_FAMILY = "1,2";
			};
			name = Release;
		};
		5EFC14C82A04ECBA00B1E884 /* Debug */ = {
			isa = XCBuildConfiguration;
			buildSettings = {
				ALWAYS_EMBED_SWIFT_STANDARD_LIBRARIES = YES;
				BUNDLE_LOADER = "$(TEST_HOST)";
				CODE_SIGN_STYLE = Automatic;
				CURRENT_PROJECT_VERSION = 1;
				GENERATE_INFOPLIST_FILE = YES;
				IPHONEOS_DEPLOYMENT_TARGET = 16.4;
				MARKETING_VERSION = 1.0;
				PRODUCT_BUNDLE_IDENTIFIER = "com.vivian.Final-projectTests";
				PRODUCT_NAME = "$(TARGET_NAME)";
				SWIFT_EMIT_LOC_STRINGS = NO;
				SWIFT_VERSION = 5.0;
				TARGETED_DEVICE_FAMILY = "1,2";
				TEST_HOST = "$(BUILT_PRODUCTS_DIR)/Final_project.app/$(BUNDLE_EXECUTABLE_FOLDER_PATH)/Final_project";
			};
			name = Debug;
		};
		5EFC14C92A04ECBA00B1E884 /* Release */ = {
			isa = XCBuildConfiguration;
			buildSettings = {
				ALWAYS_EMBED_SWIFT_STANDARD_LIBRARIES = YES;
				BUNDLE_LOADER = "$(TEST_HOST)";
				CODE_SIGN_STYLE = Automatic;
				CURRENT_PROJECT_VERSION = 1;
				GENERATE_INFOPLIST_FILE = YES;
				IPHONEOS_DEPLOYMENT_TARGET = 16.4;
				MARKETING_VERSION = 1.0;
				PRODUCT_BUNDLE_IDENTIFIER = "com.vivian.Final-projectTests";
				PRODUCT_NAME = "$(TARGET_NAME)";
				SWIFT_EMIT_LOC_STRINGS = NO;
				SWIFT_VERSION = 5.0;
				TARGETED_DEVICE_FAMILY = "1,2";
				TEST_HOST = "$(BUILT_PRODUCTS_DIR)/Final_project.app/$(BUNDLE_EXECUTABLE_FOLDER_PATH)/Final_project";
			};
			name = Release;
		};
		5EFC14CB2A04ECBA00B1E884 /* Debug */ = {
			isa = XCBuildConfiguration;
			buildSettings = {
				ALWAYS_EMBED_SWIFT_STANDARD_LIBRARIES = YES;
				CODE_SIGN_STYLE = Automatic;
				CURRENT_PROJECT_VERSION = 1;
				GENERATE_INFOPLIST_FILE = YES;
				MARKETING_VERSION = 1.0;
				PRODUCT_BUNDLE_IDENTIFIER = "com.vivian.Final-projectUITests";
				PRODUCT_NAME = "$(TARGET_NAME)";
				SWIFT_EMIT_LOC_STRINGS = NO;
				SWIFT_VERSION = 5.0;
				TARGETED_DEVICE_FAMILY = "1,2";
				TEST_TARGET_NAME = Final_project;
			};
			name = Debug;
		};
		5EFC14CC2A04ECBA00B1E884 /* Release */ = {
			isa = XCBuildConfiguration;
			buildSettings = {
				ALWAYS_EMBED_SWIFT_STANDARD_LIBRARIES = YES;
				CODE_SIGN_STYLE = Automatic;
				CURRENT_PROJECT_VERSION = 1;
				GENERATE_INFOPLIST_FILE = YES;
				MARKETING_VERSION = 1.0;
				PRODUCT_BUNDLE_IDENTIFIER = "com.vivian.Final-projectUITests";
				PRODUCT_NAME = "$(TARGET_NAME)";
				SWIFT_EMIT_LOC_STRINGS = NO;
				SWIFT_VERSION = 5.0;
				TARGETED_DEVICE_FAMILY = "1,2";
				TEST_TARGET_NAME = Final_project;
			};
			name = Release;
		};
/* End XCBuildConfiguration section */

/* Begin XCConfigurationList section */
		5EFC149B2A04ECB900B1E884 /* Build configuration list for PBXProject "Final_project" */ = {
			isa = XCConfigurationList;
			buildConfigurations = (
				5EFC14C22A04ECBA00B1E884 /* Debug */,
				5EFC14C32A04ECBA00B1E884 /* Release */,
			);
			defaultConfigurationIsVisible = 0;
			defaultConfigurationName = Release;
		};
		5EFC14C42A04ECBA00B1E884 /* Build configuration list for PBXNativeTarget "Final_project" */ = {
			isa = XCConfigurationList;
			buildConfigurations = (
				5EFC14C52A04ECBA00B1E884 /* Debug */,
				5EFC14C62A04ECBA00B1E884 /* Release */,
			);
			defaultConfigurationIsVisible = 0;
			defaultConfigurationName = Release;
		};
		5EFC14C72A04ECBA00B1E884 /* Build configuration list for PBXNativeTarget "Final_projectTests" */ = {
			isa = XCConfigurationList;
			buildConfigurations = (
				5EFC14C82A04ECBA00B1E884 /* Debug */,
				5EFC14C92A04ECBA00B1E884 /* Release */,
			);
			defaultConfigurationIsVisible = 0;
			defaultConfigurationName = Release;
		};
		5EFC14CA2A04ECBA00B1E884 /* Build configuration list for PBXNativeTarget "Final_projectUITests" */ = {
			isa = XCConfigurationList;
			buildConfigurations = (
				5EFC14CB2A04ECBA00B1E884 /* Debug */,
				5EFC14CC2A04ECBA00B1E884 /* Release */,
			);
			defaultConfigurationIsVisible = 0;
			defaultConfigurationName = Release;
		};
/* End XCConfigurationList section */

/* Begin XCRemoteSwiftPackageReference section */
		5E928E512A211620009F375F /* XCRemoteSwiftPackageReference "firebase-ios-sdk" */ = {
			isa = XCRemoteSwiftPackageReference;
			repositoryURL = "https://github.com/firebase/firebase-ios-sdk";
			requirement = {
				kind = upToNextMajorVersion;
				minimumVersion = 9.0.0;
			};
		};
/* End XCRemoteSwiftPackageReference section */

/* Begin XCSwiftPackageProductDependency section */
		5E928E522A211620009F375F /* FirebaseAuth */ = {
			isa = XCSwiftPackageProductDependency;
			package = 5E928E512A211620009F375F /* XCRemoteSwiftPackageReference "firebase-ios-sdk" */;
			productName = FirebaseAuth;
		};
		5E928E542A211620009F375F /* FirebaseFirestoreSwift */ = {
			isa = XCSwiftPackageProductDependency;
			package = 5E928E512A211620009F375F /* XCRemoteSwiftPackageReference "firebase-ios-sdk" */;
			productName = FirebaseFirestoreSwift;
		};
		5E928E562A211620009F375F /* FirebaseStorage */ = {
			isa = XCSwiftPackageProductDependency;
			package = 5E928E512A211620009F375F /* XCRemoteSwiftPackageReference "firebase-ios-sdk" */;
			productName = FirebaseStorage;
		};
/* End XCSwiftPackageProductDependency section */
	};
	rootObject = 5EFC14982A04ECB900B1E884 /* Project object */;
}
